{
  "requires": true,
  "lockfileVersion": 1,
  "dependencies": {
    "curriable": {
      "version": "1.2.5",
      "resolved": "https://registry.npmjs.org/curriable/-/curriable-1.2.5.tgz",
      "integrity": "sha512-hQwrkCn8DNiCw5CG8OS0td2wfpCDtxo1dmrVYxCDWUBHQPkpAvN9RqBVbmC64oSQaBqPQD2SOCXcTWH1zXe2mA=="
    },
    "fast-equals": {
      "version": "1.6.3",
      "resolved": "https://registry.npmjs.org/fast-equals/-/fast-equals-1.6.3.tgz",
      "integrity": "sha512-4WKW0AL5+WEqO0zWavAfYGY1qwLsBgE//DN4TTcVEN2UlINgkv9b3vm2iHicoenWKSX9mKWmGOsU/iI5IST7pQ=="
    },
    "identitate": {
      "version": "1.0.1",
      "resolved": "https://registry.npmjs.org/identitate/-/identitate-1.0.1.tgz",
      "integrity": "sha512-xnDJ0JYhiZjBDuJRKbHoVzj5yP9FhATxLyUYswQyPdnJrwzGVBqS6DOmvKJi1lk7P+4dkL+hhUhuOZIcOUtG5A==",
      "requires": {
        "pathington": "^1.0.1"
      }
    },
    "immer": {
      "version": "2.1.5",
      "resolved": "https://registry.npmjs.org/immer/-/immer-2.1.5.tgz",
      "integrity": "sha512-xyjQyTBYIeiz6jd02Hg12jV+9QISwF1crLcwTlzHpWH4e0ryNWj1kacpTwimK3bJV5NKKXw458G2vpqoB/inFA=="
    },
    "invariant": {
      "version": "2.2.4",
      "resolved": "https://registry.npmjs.org/invariant/-/invariant-2.2.4.tgz",
      "integrity": "sha512-phJfQVBuaJM5raOpJjSfkiD6BpbCE4Ns//LaXl6wGYtUBY83nWS6Rf9tXm2e8VaK60JEjYldbPif/A2B1C2gNA==",
      "requires": {
        "loose-envify": "^1.0.0"
      }
    },
    "js-tokens": {
      "version": "4.0.0",
      "resolved": "https://registry.npmjs.org/js-tokens/-/js-tokens-4.0.0.tgz",
      "integrity": "sha512-RdJUflcE3cUzKiMqQgsCu06FPu9UdIJO0beYbPhHN4k6apgJtifcoCtT9bcxOpYBtpD2kCM6Sbzg4CausW/PKQ=="
    },
    "json-stringify-safe": {
      "version": "5.0.1",
      "resolved": "https://registry.npmjs.org/json-stringify-safe/-/json-stringify-safe-5.0.1.tgz",
      "integrity": "sha1-Epai1Y/UXxmg9s4B1lcB4sc1tus="
    },
    "loose-envify": {
      "version": "1.4.0",
      "resolved": "https://registry.npmjs.org/loose-envify/-/loose-envify-1.4.0.tgz",
      "integrity": "sha512-lyuxPGr/Wfhrlem2CL/UcnUc1zcqKAImBDzukY7Y5F/yQiNdko6+fRLevlw1HgMySw7f611UIY408EtxRSoK3Q==",
      "requires": {
        "js-tokens": "^3.0.0 || ^4.0.0"
      }
    },
    "pathington": {
      "version": "1.1.7",
      "resolved": "https://registry.npmjs.org/pathington/-/pathington-1.1.7.tgz",
      "integrity": "sha512-JxzhUzagDfNIOm4qqwQqP3rWeo7rNNOfIahy4n+3GTEdwXLqw5cJHUR0soSopQtNEv763lzxb6eA2xBllpR8zw=="
    },
    "redux": {
      "version": "4.0.1",
      "resolved": "https://registry.npmjs.org/redux/-/redux-4.0.1.tgz",
      "integrity": "sha512-R7bAtSkk7nY6O/OYMVR9RiBI+XghjF9rlbl5806HJbQph0LJVHZrU5oaO4q70eUKiqMRqm4y07KLTlMZ2BlVmg==",
      "requires": {
        "loose-envify": "^1.4.0",
        "symbol-observable": "^1.2.0"
      }
    },
    "redux-devtools-extension": {
      "version": "2.13.8",
      "resolved": "https://registry.npmjs.org/redux-devtools-extension/-/redux-devtools-extension-2.13.8.tgz",
      "integrity": "sha512-8qlpooP2QqPtZHQZRhx3x3OP5skEV1py/zUdMY28WNAocbafxdG2tRD1MWE7sp8obGMNYuLWanhhQ7EQvT1FBg=="
    },
    "redux-immutable-state-invariant": {
      "version": "2.1.0",
      "resolved": "https://registry.npmjs.org/redux-immutable-state-invariant/-/redux-immutable-state-invariant-2.1.0.tgz",
      "integrity": "sha512-3czbDKs35FwiBRsx/3KabUk5zSOoTXC+cgVofGkpBNv3jQcqIe5JrHcF5AmVt7B/4hyJ8MijBIpCJ8cife6yJg==",
      "requires": {
        "invariant": "^2.1.0",
        "json-stringify-safe": "^5.0.1"
      }
    },
    "redux-starter-kit": {
      "version": "0.5.1",
      "resolved": "https://registry.npmjs.org/redux-starter-kit/-/redux-starter-kit-0.5.1.tgz",
      "integrity": "sha512-CWnjwPGdPhzqDnYYTNG5I0VjK8x3f21Nuf5xpPlOrHOhstagwxvwCZFoydOQ8TIV78ah1/WeoIQdlbks49KyIQ==",
      "requires": {
        "immer": "^2.1.5",
        "redux": "^4.0.0",
        "redux-devtools-extension": "^2.13.8",
        "redux-immutable-state-invariant": "^2.1.0",
        "redux-thunk": "^2.2.0",
        "selectorator": "^4.0.3"
      }
    },
    "redux-thunk": {
      "version": "2.3.0",
      "resolved": "https://registry.npmjs.org/redux-thunk/-/redux-thunk-2.3.0.tgz",
      "integrity": "sha512-km6dclyFnmcvxhAcrQV2AkZmPQjzPDjgVlQtR0EQjxZPyJ0BnMf3in1ryuR8A2qU0HldVRfxYXbFSKlI3N7Slw=="
    },
    "reselect": {
      "version": "4.0.0",
      "resolved": "https://registry.npmjs.org/reselect/-/reselect-4.0.0.tgz",
      "integrity": "sha512-qUgANli03jjAyGlnbYVAV5vvnOmJnODyABz51RdBN7M4WaVu8mecZWgyQNkG8Yqe3KRGRt0l4K4B3XVEULC4CA=="
    },
    "selectorator": {
      "version": "4.0.3",
      "resolved": "https://registry.npmjs.org/selectorator/-/selectorator-4.0.3.tgz",
      "integrity": "sha512-A8+paRhzTab4Qm/38RAVnCgEZFbpn5xIWLyTCDqvyU3Obhmo94RS6UK1H00bVH7+U609sOhqbFJha09POsWURA==",
      "requires": {
        "fast-equals": "^1.2.1",
        "identitate": "^1.0.0",
        "reselect": "^4.0.0",
        "unchanged": "^2.0.1"
      }
    },
    "symbol-observable": {
      "version": "1.2.0",
      "resolved": "https://registry.npmjs.org/symbol-observable/-/symbol-observable-1.2.0.tgz",
      "integrity": "sha512-e900nM8RRtGhlV36KGEU9k65K3mPb1WV70OdjfxlG2EAuM1noi/E/BaW/uMhL7bPEssK8QV57vN3esixjUvcXQ=="
    },
    "unchanged": {
      "version": "2.1.0",
      "resolved": "https://registry.npmjs.org/unchanged/-/unchanged-2.1.0.tgz",
      "integrity": "sha512-CYVU0Mz35N821Pjxf+iG6JMPx/Yb6wStUq8uuhR52/+AU3vMiueOTrJ6u1vBKYSke7a75FAi2/jCdQkXcHaNGQ==",
      "requires": {
        "curriable": "^1.2.4",
        "pathington": "^1.1.5"
      }
    }
  }
}
